
Microsoft Visual Studio Solution File, Format Version 12.00
# Visual Studio Version 17
VisualStudioVersion = 17.3.32825.248
MinimumVisualStudioVersion = 10.0.40219.1
Project("{8BC9CEB8-8B4A-11D0-8D11-00A0C91BC942}") = "고급C프로그래밍 프로젝트", "고급C프로그래밍 프로젝트\고급C프로그래밍 프로젝트.vcxproj", "{A62FF535-4931-4893-902A-E17F0F52A433}"
EndProject
Global
	GlobalSection(SolutionConfigurationPlatforms) = preSolution
		Debug|x64 = Debug|x64
		Debug|x86 = Debug|x86
		Release|x64 = Release|x64
		Release|x86 = Release|x86
	EndGlobalSection
	GlobalSection(ProjectConfigurationPlatforms) = postSolution
		{A62FF535-4931-4893-902A-E17F0F52A433}.Debug|x64.ActiveCfg = Debug|x64
		{A62FF535-4931-4893-902A-E17F0F52A433}.Debug|x64.Build.0 = Debug|x64
		{A62FF535-4931-4893-902A-E17F0F52A433}.Debug|x86.ActiveCfg = Debug|Win32
		{A62FF535-4931-4893-902A-E17F0F52A433}.Debug|x86.Build.0 = Debug|Win32
		{A62FF535-4931-4893-902A-E17F0F52A433}.Release|x64.ActiveCfg = Release|x64
		{A62FF535-4931-4893-902A-E17F0F52A433}.Release|x64.Build.0 = Release|x64
		{A62FF535-4931-4893-902A-E17F0F52A433}.Release|x86.ActiveCfg = Release|Win32
		{A62FF535-4931-4893-902A-E17F0F52A433}.Release|x86.Build.0 = Release|Win32
	EndGlobalSection
	GlobalSection(SolutionProperties) = preSolution
		HideSolutionNode = FALSE
	EndGlobalSection
	GlobalSection(ExtensibilityGlobals) = postSolution
		SolutionGuid = {4CBBD2A2-1A04-49CB-9C7C-8E25549E0B14}
	EndGlobalSection
EndGlobal
